
Microsoft Visual Studio Solution File, Format Version 12.00
# Visual Studio Version 16
VisualStudioVersion = 16.0.29326.143
MinimumVisualStudioVersion = 10.0.40219.1
Project("{FAE04EC0-301F-11D3-BF4B-00C04F79EFBC}") = "vozovyParkV2", "vozovyParkV2.csproj", "{4948F549-7F4F-4A8D-A769-9CD9D95325F7}"
EndProject
Global
	GlobalSection(SolutionConfigurationPlatforms) = preSolution
		Debug|Any CPU = Debug|Any CPU
		Release|Any CPU = Release|Any CPU
	EndGlobalSection
	GlobalSection(ProjectConfigurationPlatforms) = postSolution
		{4948F549-7F4F-4A8D-A769-9CD9D95325F7}.Debug|Any CPU.ActiveCfg = Debug|Any CPU
		{4948F549-7F4F-4A8D-A769-9CD9D95325F7}.Debug|Any CPU.Build.0 = Debug|Any CPU
		{4948F549-7F4F-4A8D-A769-9CD9D95325F7}.Release|Any CPU.ActiveCfg = Release|Any CPU
		{4948F549-7F4F-4A8D-A769-9CD9D95325F7}.Release|Any CPU.Build.0 = Release|Any CPU
	EndGlobalSection
	GlobalSection(SolutionProperties) = preSolution
		HideSolutionNode = FALSE
	EndGlobalSection
	GlobalSection(ExtensibilityGlobals) = postSolution
		SolutionGuid = {D0BACF88-1657-48C2-869B-31E5A4AEE093}
	EndGlobalSection
EndGlobal
